
Microsoft Visual Studio Solution File, Format Version 12.00
# Visual Studio Version 16
VisualStudioVersion = 16.0.30711.63
MinimumVisualStudioVersion = 10.0.40219.1
Project("{9A19103F-16F7-4668-BE54-9A1E7A4F7556}") = "KestrelWAF", "KestrelWAF\KestrelWAF.csproj", "{A7F39273-C5EB-4C87-82EC-BC1FC033DB74}"
EndProject
Global
	GlobalSection(SolutionConfigurationPlatforms) = preSolution
		Debug|Any CPU = Debug|Any CPU
		Release|Any CPU = Release|Any CPU
	EndGlobalSection
	GlobalSection(ProjectConfigurationPlatforms) = postSolution
		{A7F39273-C5EB-4C87-82EC-BC1FC033DB74}.Debug|Any CPU.ActiveCfg = Debug|Any CPU
		{A7F39273-C5EB-4C87-82EC-BC1FC033DB74}.Debug|Any CPU.Build.0 = Debug|Any CPU
		{A7F39273-C5EB-4C87-82EC-BC1FC033DB74}.Release|Any CPU.ActiveCfg = Release|Any CPU
		{A7F39273-C5EB-4C87-82EC-BC1FC033DB74}.Release|Any CPU.Build.0 = Release|Any CPU
	EndGlobalSection
	GlobalSection(SolutionProperties) = preSolution
		HideSolutionNode = FALSE
	EndGlobalSection
	GlobalSection(ExtensibilityGlobals) = postSolution
		SolutionGuid = {F0D3BE6B-3322-41AF-AF3F-6FCE54513E2B}
	EndGlobalSection
EndGlobal
